{
  "version": 4,
  "terraform_version": "1.14.9",
  "serial": 351,
  "lineage": "b671ee1f-b411-7ebc-08c1-b20caa4fac18",
  "outputs": {
    "vpc_1_ssh_user": {
      "value": "ubuntu",
      "type": "string"
    }
  },
  "resources": [
    {
      "module": "module.vpc-1",
      "mode": "data",
      "type": "yandex_compute_image",
      "name": "my_image",
      "provider": "provider[\"registry.terraform.io/yandex-cloud/yandex\"]",
      "instances": [
        {
          "schema_version": 0,
          "attributes": {
            "created_at": "2026-04-20T11:32:17Z",
            "description": "Ubuntu 22.04 lts v20260417030230",
            "family": "ubuntu-2204-lts",
            "folder_id": "standard-images",
            "hardware_generation": [
              {
                "generation2_features": [],
                "legacy_features": [
                  {
                    "pci_topology": "PCI_TOPOLOGY_V2"
                  }
                ]
              }
            ],
            "id": "fd88esinna6s76ta4pvq",
            "image_id": "fd88esinna6s76ta4pvq",
            "kms_key_id": null,
            "labels": {
              "version": "20260417030230",
              "x-hopper-operation-id": "d9pjddvneaktgjinkjh0",
              "x-hopper-source-image-id": "fd8gqri9uovb6a9qi0ve"
            },
            "min_disk_size": 8,
            "name": "ubuntu-22-04-lts-v20260420",
            "os_type": "linux",
            "pooled": true,
            "product_ids": [
              "f2e30qh84rkba26bh2ij"
            ],
            "size": 2,
            "status": "ready"
          },
          "sensitive_attributes": [],
          "identity_schema_version": 0
        }
      ]
    },
    {
      "module": "module.vpc-1",
      "mode": "data",
      "type": "yandex_vpc_subnet",
      "name": "default",
      "provider": "provider[\"registry.terraform.io/yandex-cloud/yandex\"]",
      "instances": [
        {
          "schema_version": 0,
          "attributes": {
            "created_at": "2025-10-10T16:56:35Z",
            "description": "Auto-created default subnet for zone ru-central1-a in default",
            "dhcp_options": [],
            "folder_id": "b1gqoa0k4i5jj0qck07t",
            "id": "e9b5fa0nv6cl8e0nfnsb",
            "labels": {},
            "name": "default-ru-central1-a",
            "network_id": "enp1ql98ef01p3l5t57t",
            "route_table_id": "",
            "subnet_id": "e9b5fa0nv6cl8e0nfnsb",
            "v4_cidr_blocks": [
              "10.128.0.0/24"
            ],
            "v6_cidr_blocks": [],
            "zone": "ru-central1-a"
          },
          "sensitive_attributes": [],
          "identity_schema_version": 0
        }
      ]
    },
    {
      "module": "module.vpc-1",
      "mode": "managed",
      "type": "yandex_compute_disk",
      "name": "boot-disk",
      "provider": "provider[\"registry.terraform.io/yandex-cloud/yandex\"]",
      "instances": [
        {
          "schema_version": 0,
          "attributes": {
            "allow_recreate": null,
            "block_size": 4096,
            "created_at": "2026-04-25T13:40:37Z",
            "description": "",
            "disk_placement_policy": [
              {
                "disk_placement_group_id": ""
              }
            ],
            "folder_id": "b1gb0epcf6drcsqggbql",
            "hardware_generation": [
              {
                "generation2_features": [],
                "legacy_features": [
                  {
                    "pci_topology": "PCI_TOPOLOGY_V2"
                  }
                ]
              }
            ],
            "id": "fhmnckbbcua7tt6brrh4",
            "image_id": "fd88esinna6s76ta4pvq",
            "kms_key_id": null,
            "labels": {},
            "name": "iscsi-disk",
            "product_ids": [
              "f2e30qh84rkba26bh2ij"
            ],
            "size": 50,
            "snapshot_id": "",
            "status": "ready",
            "timeouts": null,
            "type": "network-hdd",
            "zone": "ru-central1-a"
          },
          "sensitive_attributes": [],
          "identity_schema_version": 0,
          "private": "eyJlMmJmYjczMC1lY2FhLTExZTYtOGY4OC0zNDM2M2JjN2M0YzAiOnsiY3JlYXRlIjozMDAwMDAwMDAwMDAsImRlbGV0ZSI6MzAwMDAwMDAwMDAwLCJ1cGRhdGUiOjMwMDAwMDAwMDAwMH19",
          "dependencies": [
            "module.vpc-1.data.yandex_compute_image.my_image"
          ]
        }
      ]
    },
    {
      "module": "module.vpc-2",
      "mode": "data",
      "type": "yandex_compute_image",
      "name": "my_image",
      "provider": "provider[\"registry.terraform.io/yandex-cloud/yandex\"]",
      "instances": [
        {
          "schema_version": 0,
          "attributes": {
            "created_at": "2026-04-20T11:32:17Z",
            "description": "Ubuntu 22.04 lts v20260417030230",
            "family": "ubuntu-2204-lts",
            "folder_id": "standard-images",
            "hardware_generation": [
              {
                "generation2_features": [],
                "legacy_features": [
                  {
                    "pci_topology": "PCI_TOPOLOGY_V2"
                  }
                ]
              }
            ],
            "id": "fd88esinna6s76ta4pvq",
            "image_id": "fd88esinna6s76ta4pvq",
            "kms_key_id": null,
            "labels": {
              "version": "20260417030230",
              "x-hopper-operation-id": "d9pjddvneaktgjinkjh0",
              "x-hopper-source-image-id": "fd8gqri9uovb6a9qi0ve"
            },
            "min_disk_size": 8,
            "name": "ubuntu-22-04-lts-v20260420",
            "os_type": "linux",
            "pooled": true,
            "product_ids": [
              "f2e30qh84rkba26bh2ij"
            ],
            "size": 2,
            "status": "ready"
          },
          "sensitive_attributes": [],
          "identity_schema_version": 0
        }
      ]
    },
    {
      "module": "module.vpc-2",
      "mode": "data",
      "type": "yandex_vpc_subnet",
      "name": "default",
      "provider": "provider[\"registry.terraform.io/yandex-cloud/yandex\"]",
      "instances": [
        {
          "schema_version": 0,
          "attributes": {
            "created_at": "2025-10-10T16:56:35Z",
            "description": "Auto-created default subnet for zone ru-central1-a in default",
            "dhcp_options": [],
            "folder_id": "b1gqoa0k4i5jj0qck07t",
            "id": "e9b5fa0nv6cl8e0nfnsb",
            "labels": {},
            "name": "default-ru-central1-a",
            "network_id": "enp1ql98ef01p3l5t57t",
            "route_table_id": "",
            "subnet_id": "e9b5fa0nv6cl8e0nfnsb",
            "v4_cidr_blocks": [
              "10.128.0.0/24"
            ],
            "v6_cidr_blocks": [],
            "zone": "ru-central1-a"
          },
          "sensitive_attributes": [],
          "identity_schema_version": 0
        }
      ]
    },
    {
      "module": "module.vpc-2",
      "mode": "managed",
      "type": "yandex_compute_disk",
      "name": "boot-disk",
      "provider": "provider[\"registry.terraform.io/yandex-cloud/yandex\"]",
      "instances": [
        {
          "schema_version": 0,
          "attributes": {
            "allow_recreate": null,
            "block_size": 4096,
            "created_at": "2026-04-25T13:40:37Z",
            "description": "",
            "disk_placement_policy": [
              {
                "disk_placement_group_id": ""
              }
            ],
            "folder_id": "b1gb0epcf6drcsqggbql",
            "hardware_generation": [
              {
                "generation2_features": [],
                "legacy_features": [
                  {
                    "pci_topology": "PCI_TOPOLOGY_V2"
                  }
                ]
              }
            ],
            "id": "fhm0ndpmvvcj4pdhhubb",
            "image_id": "fd88esinna6s76ta4pvq",
            "kms_key_id": null,
            "labels": {},
            "name": "vm-1-disk",
            "product_ids": [
              "f2e30qh84rkba26bh2ij"
            ],
            "size": 25,
            "snapshot_id": "",
            "status": "ready",
            "timeouts": null,
            "type": "network-hdd",
            "zone": "ru-central1-a"
          },
          "sensitive_attributes": [],
          "identity_schema_version": 0,
          "private": "eyJlMmJmYjczMC1lY2FhLTExZTYtOGY4OC0zNDM2M2JjN2M0YzAiOnsiY3JlYXRlIjozMDAwMDAwMDAwMDAsImRlbGV0ZSI6MzAwMDAwMDAwMDAwLCJ1cGRhdGUiOjMwMDAwMDAwMDAwMH19",
          "dependencies": [
            "module.vpc-2.data.yandex_compute_image.my_image"
          ]
        }
      ]
    },
    {
      "module": "module.vpc-3",
      "mode": "data",
      "type": "yandex_compute_image",
      "name": "my_image",
      "provider": "provider[\"registry.terraform.io/yandex-cloud/yandex\"]",
      "instances": [
        {
          "schema_version": 0,
          "attributes": {
            "created_at": "2026-04-20T11:32:17Z",
            "description": "Ubuntu 22.04 lts v20260417030230",
            "family": "ubuntu-2204-lts",
            "folder_id": "standard-images",
            "hardware_generation": [
              {
                "generation2_features": [],
                "legacy_features": [
                  {
                    "pci_topology": "PCI_TOPOLOGY_V2"
                  }
                ]
              }
            ],
            "id": "fd88esinna6s76ta4pvq",
            "image_id": "fd88esinna6s76ta4pvq",
            "kms_key_id": null,
            "labels": {
              "version": "20260417030230",
              "x-hopper-operation-id": "d9pjddvneaktgjinkjh0",
              "x-hopper-source-image-id": "fd8gqri9uovb6a9qi0ve"
            },
            "min_disk_size": 8,
            "name": "ubuntu-22-04-lts-v20260420",
            "os_type": "linux",
            "pooled": true,
            "product_ids": [
              "f2e30qh84rkba26bh2ij"
            ],
            "size": 2,
            "status": "ready"
          },
          "sensitive_attributes": [],
          "identity_schema_version": 0
        }
      ]
    },
    {
      "module": "module.vpc-3",
      "mode": "data",
      "type": "yandex_vpc_subnet",
      "name": "default",
      "provider": "provider[\"registry.terraform.io/yandex-cloud/yandex\"]",
      "instances": [
        {
          "schema_version": 0,
          "attributes": {
            "created_at": "2025-10-10T16:56:35Z",
            "description": "Auto-created default subnet for zone ru-central1-a in default",
            "dhcp_options": [],
            "folder_id": "b1gqoa0k4i5jj0qck07t",
            "id": "e9b5fa0nv6cl8e0nfnsb",
            "labels": {},
            "name": "default-ru-central1-a",
            "network_id": "enp1ql98ef01p3l5t57t",
            "route_table_id": "",
            "subnet_id": "e9b5fa0nv6cl8e0nfnsb",
            "v4_cidr_blocks": [
              "10.128.0.0/24"
            ],
            "v6_cidr_blocks": [],
            "zone": "ru-central1-a"
          },
          "sensitive_attributes": [],
          "identity_schema_version": 0
        }
      ]
    },
    {
      "module": "module.vpc-3",
      "mode": "managed",
      "type": "yandex_compute_disk",
      "name": "boot-disk",
      "provider": "provider[\"registry.terraform.io/yandex-cloud/yandex\"]",
      "instances": [
        {
          "schema_version": 0,
          "attributes": {
            "allow_recreate": null,
            "block_size": 4096,
            "created_at": "2026-04-25T13:40:37Z",
            "description": "",
            "disk_placement_policy": [
              {
                "disk_placement_group_id": ""
              }
            ],
            "folder_id": "b1gb0epcf6drcsqggbql",
            "hardware_generation": [
              {
                "generation2_features": [],
                "legacy_features": [
                  {
                    "pci_topology": "PCI_TOPOLOGY_V2"
                  }
                ]
              }
            ],
            "id": "fhmngvirc2hrnusc9anf",
            "image_id": "fd88esinna6s76ta4pvq",
            "kms_key_id": null,
            "labels": {},
            "name": "vm-2-disk",
            "product_ids": [
              "f2e30qh84rkba26bh2ij"
            ],
            "size": 25,
            "snapshot_id": "",
            "status": "ready",
            "timeouts": null,
            "type": "network-hdd",
            "zone": "ru-central1-a"
          },
          "sensitive_attributes": [],
          "identity_schema_version": 0,
          "private": "eyJlMmJmYjczMC1lY2FhLTExZTYtOGY4OC0zNDM2M2JjN2M0YzAiOnsiY3JlYXRlIjozMDAwMDAwMDAwMDAsImRlbGV0ZSI6MzAwMDAwMDAwMDAwLCJ1cGRhdGUiOjMwMDAwMDAwMDAwMH19",
          "dependencies": [
            "module.vpc-3.data.yandex_compute_image.my_image"
          ]
        }
      ]
    },
    {
      "module": "module.vpc-4",
      "mode": "data",
      "type": "yandex_compute_image",
      "name": "my_image",
      "provider": "provider[\"registry.terraform.io/yandex-cloud/yandex\"]",
      "instances": [
        {
          "schema_version": 0,
          "attributes": {
            "created_at": "2026-04-20T11:32:17Z",
            "description": "Ubuntu 22.04 lts v20260417030230",
            "family": "ubuntu-2204-lts",
            "folder_id": "standard-images",
            "hardware_generation": [
              {
                "generation2_features": [],
                "legacy_features": [
                  {
                    "pci_topology": "PCI_TOPOLOGY_V2"
                  }
                ]
              }
            ],
            "id": "fd88esinna6s76ta4pvq",
            "image_id": "fd88esinna6s76ta4pvq",
            "kms_key_id": null,
            "labels": {
              "version": "20260417030230",
              "x-hopper-operation-id": "d9pjddvneaktgjinkjh0",
              "x-hopper-source-image-id": "fd8gqri9uovb6a9qi0ve"
            },
            "min_disk_size": 8,
            "name": "ubuntu-22-04-lts-v20260420",
            "os_type": "linux",
            "pooled": true,
            "product_ids": [
              "f2e30qh84rkba26bh2ij"
            ],
            "size": 2,
            "status": "ready"
          },
          "sensitive_attributes": [],
          "identity_schema_version": 0
        }
      ]
    },
    {
      "module": "module.vpc-4",
      "mode": "data",
      "type": "yandex_vpc_subnet",
      "name": "default",
      "provider": "provider[\"registry.terraform.io/yandex-cloud/yandex\"]",
      "instances": [
        {
          "schema_version": 0,
          "attributes": {
            "created_at": "2025-10-10T16:56:35Z",
            "description": "Auto-created default subnet for zone ru-central1-a in default",
            "dhcp_options": [],
            "folder_id": "b1gqoa0k4i5jj0qck07t",
            "id": "e9b5fa0nv6cl8e0nfnsb",
            "labels": {},
            "name": "default-ru-central1-a",
            "network_id": "enp1ql98ef01p3l5t57t",
            "route_table_id": "",
            "subnet_id": "e9b5fa0nv6cl8e0nfnsb",
            "v4_cidr_blocks": [
              "10.128.0.0/24"
            ],
            "v6_cidr_blocks": [],
            "zone": "ru-central1-a"
          },
          "sensitive_attributes": [],
          "identity_schema_version": 0
        }
      ]
    },
    {
      "module": "module.vpc-4",
      "mode": "managed",
      "type": "yandex_compute_disk",
      "name": "boot-disk",
      "provider": "provider[\"registry.terraform.io/yandex-cloud/yandex\"]",
      "instances": [
        {
          "schema_version": 0,
          "attributes": {
            "allow_recreate": null,
            "block_size": 4096,
            "created_at": "2026-04-25T13:40:37Z",
            "description": "",
            "disk_placement_policy": [
              {
                "disk_placement_group_id": ""
              }
            ],
            "folder_id": "b1gb0epcf6drcsqggbql",
            "hardware_generation": [
              {
                "generation2_features": [],
                "legacy_features": [
                  {
                    "pci_topology": "PCI_TOPOLOGY_V2"
                  }
                ]
              }
            ],
            "id": "fhm3pfib1ppr5hvenhsh",
            "image_id": "fd88esinna6s76ta4pvq",
            "kms_key_id": null,
            "labels": {},
            "name": "vm-3-disk",
            "product_ids": [
              "f2e30qh84rkba26bh2ij"
            ],
            "size": 25,
            "snapshot_id": "",
            "status": "ready",
            "timeouts": null,
            "type": "network-hdd",
            "zone": "ru-central1-a"
          },
          "sensitive_attributes": [],
          "identity_schema_version": 0,
          "private": "eyJlMmJmYjczMC1lY2FhLTExZTYtOGY4OC0zNDM2M2JjN2M0YzAiOnsiY3JlYXRlIjozMDAwMDAwMDAwMDAsImRlbGV0ZSI6MzAwMDAwMDAwMDAwLCJ1cGRhdGUiOjMwMDAwMDAwMDAwMH19",
          "dependencies": [
            "module.vpc-4.data.yandex_compute_image.my_image"
          ]
        }
      ]
    }
  ],
  "check_results": null
}
