{
  "version": 4,
  "terraform_version": "1.14.0",
  "serial": 219,
  "lineage": "b671ee1f-b411-7ebc-08c1-b20caa4fac18",
  "outputs": {
    "vpc_1_private_ip": {
      "value": "10.128.0.12",
      "type": "string"
    },
    "vpc_1_public_ip": {
      "value": "178.154.241.146",
      "type": "string"
    },
    "vpc_2_private_ip": {
      "value": "10.128.0.3",
      "type": "string"
    },
    "vpc_2_public_ip": {
      "value": "93.77.189.164",
      "type": "string"
    },
    "vpc_3_private_ip": {
      "value": "10.128.0.20",
      "type": "string"
    },
    "vpc_3_public_ip": {
      "value": "178.154.241.34",
      "type": "string"
    },
    "vpc_4_private_ip": {
      "value": "10.128.0.30",
      "type": "string"
    },
    "vpc_4_public_ip": {
      "value": "178.154.230.108",
      "type": "string"
    }
  },
  "resources": [
    {
      "mode": "managed",
      "type": "local_file",
      "name": "inventory",
      "provider": "provider[\"registry.terraform.io/hashicorp/local\"]",
      "instances": [
        {
          "schema_version": 0,
          "attributes": {
            "content": "nodes:\n  hosts:\n    iscsi-target:\n      ansible_host: 178.154.241.146\n      ansible_user: ubuntu\n      ansible_ssh_private_key_file: /home/freemax/.ssh/id_ed25519\n    gfs-node-1:\n      ansible_host: 93.77.189.164\n      ansible_user: ubuntu\n      ansible_ssh_private_key_file: /home/freemax/.ssh/id_ed25519\n    gfs-node-2:\n      ansible_host: 178.154.241.34\n      ansible_user: ubuntu\n      ansible_ssh_private_key_file: /home/freemax/.ssh/id_ed25519\n    gfs-node-3:\n      ansible_host: 178.154.230.108\n      ansible_user: ubuntu\n      ansible_ssh_private_key_file: /home/freemax/.ssh/id_ed25519\n",
            "content_base64": null,
            "content_base64sha256": "6Cf6F9Doobk7MXkG5ypZ5lSB05+zzJp/qyy31Adp+wY=",
            "content_base64sha512": "NXyvG1T6QWWDQmAU73vaVSDa4cy4fIvfIKaDTLGWQnPLzwBO7TbC8HwjCZiFBsCtLnlvjH3Pfia401yIOBDqMA==",
            "content_md5": "b225bbcafb93cf47f56a38e40d7c9551",
            "content_sha1": "00380d7b264ac624cdf9231b9190fdbd97cb6559",
            "content_sha256": "e827fa17d0e8a1b93b317906e72a59e65481d39fb3cc9a7fab2cb7d40769fb06",
            "content_sha512": "357caf1b54fa416583426014ef7bda5520dae1ccb87c8bdf20a6834cb1964273cbcf004eed36c2f07c2309988506c0ad2e796f8c7dcf7e26b8d35c883810ea30",
            "directory_permission": "0777",
            "file_permission": "0777",
            "filename": "../ansible/inventories/inventory.yml",
            "id": "00380d7b264ac624cdf9231b9190fdbd97cb6559",
            "sensitive_content": null,
            "source": null
          },
          "sensitive_attributes": [
            [
              {
                "type": "get_attr",
                "value": "sensitive_content"
              }
            ]
          ],
          "identity_schema_version": 0,
          "dependencies": [
            "module.vpc-1.data.yandex_compute_image.my_image",
            "module.vpc-1.data.yandex_vpc_subnet.default",
            "module.vpc-1.yandex_compute_disk.boot-disk",
            "module.vpc-1.yandex_compute_instance.vm",
            "module.vpc-2.data.yandex_compute_image.my_image",
            "module.vpc-2.data.yandex_vpc_subnet.default",
            "module.vpc-2.yandex_compute_disk.boot-disk",
            "module.vpc-2.yandex_compute_instance.vm",
            "module.vpc-3.data.yandex_compute_image.my_image",
            "module.vpc-3.data.yandex_vpc_subnet.default",
            "module.vpc-3.yandex_compute_disk.boot-disk",
            "module.vpc-3.yandex_compute_instance.vm",
            "module.vpc-4.data.yandex_compute_image.my_image",
            "module.vpc-4.data.yandex_vpc_subnet.default",
            "module.vpc-4.yandex_compute_disk.boot-disk",
            "module.vpc-4.yandex_compute_instance.vm"
          ]
        }
      ]
    },
    {
      "module": "module.vpc-1",
      "mode": "data",
      "type": "yandex_compute_image",
      "name": "my_image",
      "provider": "provider[\"registry.terraform.io/yandex-cloud/yandex\"]",
      "instances": [
        {
          "schema_version": 0,
          "attributes": {
            "created_at": "2026-04-06T11:29:04Z",
            "description": "Ubuntu 22.04 lts v20260327030211",
            "family": "ubuntu-2204-lts",
            "folder_id": "standard-images",
            "hardware_generation": [
              {
                "generation2_features": [],
                "legacy_features": [
                  {
                    "pci_topology": "PCI_TOPOLOGY_V2"
                  }
                ]
              }
            ],
            "id": "fd8r71tg4mg5b3uiholm",
            "image_id": "fd8r71tg4mg5b3uiholm",
            "kms_key_id": null,
            "labels": {
              "version": "20260327030211",
              "x-hopper-operation-id": "d9pv04evkqmrdfoj5i8r",
              "x-hopper-source-image-id": "fd8prshpc67sbrv11q09"
            },
            "min_disk_size": 8,
            "name": "ubuntu-22-04-lts-v20260406",
            "os_type": "linux",
            "pooled": true,
            "product_ids": [
              "f2evvqut2ac8ang2mdb5"
            ],
            "size": 3,
            "status": "ready"
          },
          "sensitive_attributes": [],
          "identity_schema_version": 0
        }
      ]
    },
    {
      "module": "module.vpc-1",
      "mode": "data",
      "type": "yandex_vpc_subnet",
      "name": "default",
      "provider": "provider[\"registry.terraform.io/yandex-cloud/yandex\"]",
      "instances": [
        {
          "schema_version": 0,
          "attributes": {
            "created_at": "2025-11-06T20:55:09Z",
            "description": "Auto-created default subnet for zone ru-central1-a in default",
            "dhcp_options": [],
            "folder_id": "b1gb0epcf6drcsqggbql",
            "id": "e9btakec5ujteje67ba3",
            "labels": {},
            "name": "default-ru-central1-a",
            "network_id": "enpb3crnqhjcr00mpugm",
            "route_table_id": "",
            "subnet_id": "e9btakec5ujteje67ba3",
            "v4_cidr_blocks": [
              "10.128.0.0/24"
            ],
            "v6_cidr_blocks": [],
            "zone": "ru-central1-a"
          },
          "sensitive_attributes": [],
          "identity_schema_version": 0
        }
      ]
    },
    {
      "module": "module.vpc-1",
      "mode": "managed",
      "type": "yandex_compute_disk",
      "name": "boot-disk",
      "provider": "provider[\"registry.terraform.io/yandex-cloud/yandex\"]",
      "instances": [
        {
          "schema_version": 0,
          "attributes": {
            "allow_recreate": null,
            "block_size": 4096,
            "created_at": "2026-04-06T18:19:59Z",
            "description": "",
            "disk_placement_policy": [
              {
                "disk_placement_group_id": ""
              }
            ],
            "folder_id": "b1gb0epcf6drcsqggbql",
            "hardware_generation": [
              {
                "generation2_features": [],
                "legacy_features": [
                  {
                    "pci_topology": "PCI_TOPOLOGY_V2"
                  }
                ]
              }
            ],
            "id": "fhm74m3sdhrmsobqts8e",
            "image_id": "fd8r71tg4mg5b3uiholm",
            "kms_key_id": null,
            "labels": null,
            "name": "iscsi-disk",
            "product_ids": [
              "f2evvqut2ac8ang2mdb5"
            ],
            "size": 50,
            "snapshot_id": "",
            "status": "ready",
            "timeouts": null,
            "type": "network-hdd",
            "zone": "ru-central1-a"
          },
          "sensitive_attributes": [],
          "identity_schema_version": 0,
          "private": "eyJlMmJmYjczMC1lY2FhLTExZTYtOGY4OC0zNDM2M2JjN2M0YzAiOnsiY3JlYXRlIjozMDAwMDAwMDAwMDAsImRlbGV0ZSI6MzAwMDAwMDAwMDAwLCJ1cGRhdGUiOjMwMDAwMDAwMDAwMH19",
          "dependencies": [
            "module.vpc-1.data.yandex_compute_image.my_image"
          ]
        }
      ]
    },
    {
      "module": "module.vpc-1",
      "mode": "managed",
      "type": "yandex_compute_instance",
      "name": "vm",
      "provider": "provider[\"registry.terraform.io/yandex-cloud/yandex\"]",
      "instances": [
        {
          "schema_version": 1,
          "attributes": {
            "allow_recreate": null,
            "allow_stopping_for_update": true,
            "boot_disk": [
              {
                "auto_delete": true,
                "device_name": "fhm74m3sdhrmsobqts8e",
                "disk_id": "fhm74m3sdhrmsobqts8e",
                "initialize_params": [
                  {
                    "block_size": 4096,
                    "description": "",
                    "image_id": "fd8r71tg4mg5b3uiholm",
                    "kms_key_id": "",
                    "name": "iscsi-disk",
                    "size": 50,
                    "snapshot_id": "",
                    "type": "network-hdd"
                  }
                ],
                "mode": "READ_WRITE"
              }
            ],
            "created_at": "2026-04-06T18:20:13Z",
            "description": "",
            "filesystem": [],
            "folder_id": "b1gb0epcf6drcsqggbql",
            "fqdn": "iscsi1.ru-central1.internal",
            "gpu_cluster_id": "",
            "hardware_generation": [
              {
                "generation2_features": [],
                "legacy_features": [
                  {
                    "pci_topology": "PCI_TOPOLOGY_V2"
                  }
                ]
              }
            ],
            "hostname": "iscsi1",
            "id": "fhm6igmh9ujjdqcq0o4b",
            "labels": null,
            "local_disk": [],
            "maintenance_grace_period": "",
            "maintenance_policy": null,
            "metadata": {
              "ssh-keys": "ubuntu:ssh-ed25519 AAAAC3NzaC1lZDI1NTE5AAAAIJczHc7UwRchxtxlMufvsafniadHmFrrONMpGBDHjBzJ freemax@DESKTOP-U4UEHE6\r\n"
            },
            "metadata_options": [
              {
                "aws_v1_http_endpoint": 1,
                "aws_v1_http_token": 2,
                "gce_http_endpoint": 1,
                "gce_http_token": 1
              }
            ],
            "name": "iscsi-target",
            "network_acceleration_type": "standard",
            "network_interface": [
              {
                "dns_record": [],
                "index": 0,
                "ip_address": "10.128.0.12",
                "ipv4": true,
                "ipv6": false,
                "ipv6_address": "",
                "ipv6_dns_record": [],
                "mac_address": "d0:0d:69:42:d1:4f",
                "nat": true,
                "nat_dns_record": [],
                "nat_ip_address": "178.154.241.146",
                "nat_ip_version": "IPV4",
                "security_group_ids": null,
                "subnet_id": "e9btakec5ujteje67ba3"
              }
            ],
            "placement_policy": [
              {
                "host_affinity_rules": [],
                "placement_group_id": "",
                "placement_group_partition": 0
              }
            ],
            "platform_id": "standard-v3",
            "resources": [
              {
                "core_fraction": 100,
                "cores": 2,
                "gpus": 0,
                "memory": 2
              }
            ],
            "scheduling_policy": [
              {
                "preemptible": false
              }
            ],
            "secondary_disk": [],
            "service_account_id": "",
            "status": "running",
            "timeouts": null,
            "zone": "ru-central1-a"
          },
          "sensitive_attributes": [],
          "identity_schema_version": 0,
          "private": "eyJlMmJmYjczMC1lY2FhLTExZTYtOGY4OC0zNDM2M2JjN2M0YzAiOnsiY3JlYXRlIjozMDAwMDAwMDAwMDAsImRlbGV0ZSI6MzAwMDAwMDAwMDAwLCJ1cGRhdGUiOjMwMDAwMDAwMDAwMH0sInNjaGVtYV92ZXJzaW9uIjoiMSJ9",
          "dependencies": [
            "module.vpc-1.data.yandex_compute_image.my_image",
            "module.vpc-1.data.yandex_vpc_subnet.default",
            "module.vpc-1.yandex_compute_disk.boot-disk"
          ]
        }
      ]
    },
    {
      "module": "module.vpc-2",
      "mode": "data",
      "type": "yandex_compute_image",
      "name": "my_image",
      "provider": "provider[\"registry.terraform.io/yandex-cloud/yandex\"]",
      "instances": [
        {
          "schema_version": 0,
          "attributes": {
            "created_at": "2026-04-06T11:29:04Z",
            "description": "Ubuntu 22.04 lts v20260327030211",
            "family": "ubuntu-2204-lts",
            "folder_id": "standard-images",
            "hardware_generation": [
              {
                "generation2_features": [],
                "legacy_features": [
                  {
                    "pci_topology": "PCI_TOPOLOGY_V2"
                  }
                ]
              }
            ],
            "id": "fd8r71tg4mg5b3uiholm",
            "image_id": "fd8r71tg4mg5b3uiholm",
            "kms_key_id": null,
            "labels": {
              "version": "20260327030211",
              "x-hopper-operation-id": "d9pv04evkqmrdfoj5i8r",
              "x-hopper-source-image-id": "fd8prshpc67sbrv11q09"
            },
            "min_disk_size": 8,
            "name": "ubuntu-22-04-lts-v20260406",
            "os_type": "linux",
            "pooled": true,
            "product_ids": [
              "f2evvqut2ac8ang2mdb5"
            ],
            "size": 3,
            "status": "ready"
          },
          "sensitive_attributes": [],
          "identity_schema_version": 0
        }
      ]
    },
    {
      "module": "module.vpc-2",
      "mode": "data",
      "type": "yandex_vpc_subnet",
      "name": "default",
      "provider": "provider[\"registry.terraform.io/yandex-cloud/yandex\"]",
      "instances": [
        {
          "schema_version": 0,
          "attributes": {
            "created_at": "2025-11-06T20:55:09Z",
            "description": "Auto-created default subnet for zone ru-central1-a in default",
            "dhcp_options": [],
            "folder_id": "b1gb0epcf6drcsqggbql",
            "id": "e9btakec5ujteje67ba3",
            "labels": {},
            "name": "default-ru-central1-a",
            "network_id": "enpb3crnqhjcr00mpugm",
            "route_table_id": "",
            "subnet_id": "e9btakec5ujteje67ba3",
            "v4_cidr_blocks": [
              "10.128.0.0/24"
            ],
            "v6_cidr_blocks": [],
            "zone": "ru-central1-a"
          },
          "sensitive_attributes": [],
          "identity_schema_version": 0
        }
      ]
    },
    {
      "module": "module.vpc-2",
      "mode": "managed",
      "type": "yandex_compute_disk",
      "name": "boot-disk",
      "provider": "provider[\"registry.terraform.io/yandex-cloud/yandex\"]",
      "instances": [
        {
          "schema_version": 0,
          "attributes": {
            "allow_recreate": null,
            "block_size": 4096,
            "created_at": "2026-04-06T18:19:59Z",
            "description": "",
            "disk_placement_policy": [
              {
                "disk_placement_group_id": ""
              }
            ],
            "folder_id": "b1gb0epcf6drcsqggbql",
            "hardware_generation": [
              {
                "generation2_features": [],
                "legacy_features": [
                  {
                    "pci_topology": "PCI_TOPOLOGY_V2"
                  }
                ]
              }
            ],
            "id": "fhm65sas5rl6n657e4bm",
            "image_id": "fd8r71tg4mg5b3uiholm",
            "kms_key_id": null,
            "labels": null,
            "name": "vm-1-disk",
            "product_ids": [
              "f2evvqut2ac8ang2mdb5"
            ],
            "size": 25,
            "snapshot_id": "",
            "status": "ready",
            "timeouts": null,
            "type": "network-hdd",
            "zone": "ru-central1-a"
          },
          "sensitive_attributes": [],
          "identity_schema_version": 0,
          "private": "eyJlMmJmYjczMC1lY2FhLTExZTYtOGY4OC0zNDM2M2JjN2M0YzAiOnsiY3JlYXRlIjozMDAwMDAwMDAwMDAsImRlbGV0ZSI6MzAwMDAwMDAwMDAwLCJ1cGRhdGUiOjMwMDAwMDAwMDAwMH19",
          "dependencies": [
            "module.vpc-2.data.yandex_compute_image.my_image"
          ]
        }
      ]
    },
    {
      "module": "module.vpc-2",
      "mode": "managed",
      "type": "yandex_compute_instance",
      "name": "vm",
      "provider": "provider[\"registry.terraform.io/yandex-cloud/yandex\"]",
      "instances": [
        {
          "schema_version": 1,
          "attributes": {
            "allow_recreate": null,
            "allow_stopping_for_update": true,
            "boot_disk": [
              {
                "auto_delete": true,
                "device_name": "fhm65sas5rl6n657e4bm",
                "disk_id": "fhm65sas5rl6n657e4bm",
                "initialize_params": [
                  {
                    "block_size": 4096,
                    "description": "",
                    "image_id": "fd8r71tg4mg5b3uiholm",
                    "kms_key_id": "",
                    "name": "vm-1-disk",
                    "size": 25,
                    "snapshot_id": "",
                    "type": "network-hdd"
                  }
                ],
                "mode": "READ_WRITE"
              }
            ],
            "created_at": "2026-04-06T18:20:10Z",
            "description": "",
            "filesystem": [],
            "folder_id": "b1gb0epcf6drcsqggbql",
            "fqdn": "gfs1.ru-central1.internal",
            "gpu_cluster_id": "",
            "hardware_generation": [
              {
                "generation2_features": [],
                "legacy_features": [
                  {
                    "pci_topology": "PCI_TOPOLOGY_V2"
                  }
                ]
              }
            ],
            "hostname": "gfs1",
            "id": "fhmd8qltkskfuhnbfopb",
            "labels": null,
            "local_disk": [],
            "maintenance_grace_period": "",
            "maintenance_policy": null,
            "metadata": {
              "ssh-keys": "ubuntu:ssh-ed25519 AAAAC3NzaC1lZDI1NTE5AAAAIJczHc7UwRchxtxlMufvsafniadHmFrrONMpGBDHjBzJ freemax@DESKTOP-U4UEHE6\r\n"
            },
            "metadata_options": [
              {
                "aws_v1_http_endpoint": 1,
                "aws_v1_http_token": 2,
                "gce_http_endpoint": 1,
                "gce_http_token": 1
              }
            ],
            "name": "gfs-node-1",
            "network_acceleration_type": "standard",
            "network_interface": [
              {
                "dns_record": [],
                "index": 0,
                "ip_address": "10.128.0.3",
                "ipv4": true,
                "ipv6": false,
                "ipv6_address": "",
                "ipv6_dns_record": [],
                "mac_address": "d0:0d:d4:6a:bd:a7",
                "nat": true,
                "nat_dns_record": [],
                "nat_ip_address": "93.77.189.164",
                "nat_ip_version": "IPV4",
                "security_group_ids": null,
                "subnet_id": "e9btakec5ujteje67ba3"
              }
            ],
            "placement_policy": [
              {
                "host_affinity_rules": [],
                "placement_group_id": "",
                "placement_group_partition": 0
              }
            ],
            "platform_id": "standard-v3",
            "resources": [
              {
                "core_fraction": 100,
                "cores": 2,
                "gpus": 0,
                "memory": 2
              }
            ],
            "scheduling_policy": [
              {
                "preemptible": false
              }
            ],
            "secondary_disk": [],
            "service_account_id": "",
            "status": "running",
            "timeouts": null,
            "zone": "ru-central1-a"
          },
          "sensitive_attributes": [],
          "identity_schema_version": 0,
          "private": "eyJlMmJmYjczMC1lY2FhLTExZTYtOGY4OC0zNDM2M2JjN2M0YzAiOnsiY3JlYXRlIjozMDAwMDAwMDAwMDAsImRlbGV0ZSI6MzAwMDAwMDAwMDAwLCJ1cGRhdGUiOjMwMDAwMDAwMDAwMH0sInNjaGVtYV92ZXJzaW9uIjoiMSJ9",
          "dependencies": [
            "module.vpc-2.data.yandex_compute_image.my_image",
            "module.vpc-2.data.yandex_vpc_subnet.default",
            "module.vpc-2.yandex_compute_disk.boot-disk"
          ]
        }
      ]
    },
    {
      "module": "module.vpc-3",
      "mode": "data",
      "type": "yandex_compute_image",
      "name": "my_image",
      "provider": "provider[\"registry.terraform.io/yandex-cloud/yandex\"]",
      "instances": [
        {
          "schema_version": 0,
          "attributes": {
            "created_at": "2026-04-06T11:29:04Z",
            "description": "Ubuntu 22.04 lts v20260327030211",
            "family": "ubuntu-2204-lts",
            "folder_id": "standard-images",
            "hardware_generation": [
              {
                "generation2_features": [],
                "legacy_features": [
                  {
                    "pci_topology": "PCI_TOPOLOGY_V2"
                  }
                ]
              }
            ],
            "id": "fd8r71tg4mg5b3uiholm",
            "image_id": "fd8r71tg4mg5b3uiholm",
            "kms_key_id": null,
            "labels": {
              "version": "20260327030211",
              "x-hopper-operation-id": "d9pv04evkqmrdfoj5i8r",
              "x-hopper-source-image-id": "fd8prshpc67sbrv11q09"
            },
            "min_disk_size": 8,
            "name": "ubuntu-22-04-lts-v20260406",
            "os_type": "linux",
            "pooled": true,
            "product_ids": [
              "f2evvqut2ac8ang2mdb5"
            ],
            "size": 3,
            "status": "ready"
          },
          "sensitive_attributes": [],
          "identity_schema_version": 0
        }
      ]
    },
    {
      "module": "module.vpc-3",
      "mode": "data",
      "type": "yandex_vpc_subnet",
      "name": "default",
      "provider": "provider[\"registry.terraform.io/yandex-cloud/yandex\"]",
      "instances": [
        {
          "schema_version": 0,
          "attributes": {
            "created_at": "2025-11-06T20:55:09Z",
            "description": "Auto-created default subnet for zone ru-central1-a in default",
            "dhcp_options": [],
            "folder_id": "b1gb0epcf6drcsqggbql",
            "id": "e9btakec5ujteje67ba3",
            "labels": {},
            "name": "default-ru-central1-a",
            "network_id": "enpb3crnqhjcr00mpugm",
            "route_table_id": "",
            "subnet_id": "e9btakec5ujteje67ba3",
            "v4_cidr_blocks": [
              "10.128.0.0/24"
            ],
            "v6_cidr_blocks": [],
            "zone": "ru-central1-a"
          },
          "sensitive_attributes": [],
          "identity_schema_version": 0
        }
      ]
    },
    {
      "module": "module.vpc-3",
      "mode": "managed",
      "type": "yandex_compute_disk",
      "name": "boot-disk",
      "provider": "provider[\"registry.terraform.io/yandex-cloud/yandex\"]",
      "instances": [
        {
          "schema_version": 0,
          "attributes": {
            "allow_recreate": null,
            "block_size": 4096,
            "created_at": "2026-04-06T18:19:59Z",
            "description": "",
            "disk_placement_policy": [
              {
                "disk_placement_group_id": ""
              }
            ],
            "folder_id": "b1gb0epcf6drcsqggbql",
            "hardware_generation": [
              {
                "generation2_features": [],
                "legacy_features": [
                  {
                    "pci_topology": "PCI_TOPOLOGY_V2"
                  }
                ]
              }
            ],
            "id": "fhmro8kbkcfrf2pedjdm",
            "image_id": "fd8r71tg4mg5b3uiholm",
            "kms_key_id": null,
            "labels": null,
            "name": "vm-2-disk",
            "product_ids": [
              "f2evvqut2ac8ang2mdb5"
            ],
            "size": 25,
            "snapshot_id": "",
            "status": "ready",
            "timeouts": null,
            "type": "network-hdd",
            "zone": "ru-central1-a"
          },
          "sensitive_attributes": [],
          "identity_schema_version": 0,
          "private": "eyJlMmJmYjczMC1lY2FhLTExZTYtOGY4OC0zNDM2M2JjN2M0YzAiOnsiY3JlYXRlIjozMDAwMDAwMDAwMDAsImRlbGV0ZSI6MzAwMDAwMDAwMDAwLCJ1cGRhdGUiOjMwMDAwMDAwMDAwMH19",
          "dependencies": [
            "module.vpc-3.data.yandex_compute_image.my_image"
          ]
        }
      ]
    },
    {
      "module": "module.vpc-3",
      "mode": "managed",
      "type": "yandex_compute_instance",
      "name": "vm",
      "provider": "provider[\"registry.terraform.io/yandex-cloud/yandex\"]",
      "instances": [
        {
          "schema_version": 1,
          "attributes": {
            "allow_recreate": null,
            "allow_stopping_for_update": true,
            "boot_disk": [
              {
                "auto_delete": true,
                "device_name": "fhmro8kbkcfrf2pedjdm",
                "disk_id": "fhmro8kbkcfrf2pedjdm",
                "initialize_params": [
                  {
                    "block_size": 4096,
                    "description": "",
                    "image_id": "fd8r71tg4mg5b3uiholm",
                    "kms_key_id": "",
                    "name": "vm-2-disk",
                    "size": 25,
                    "snapshot_id": "",
                    "type": "network-hdd"
                  }
                ],
                "mode": "READ_WRITE"
              }
            ],
            "created_at": "2026-04-06T18:20:14Z",
            "description": "",
            "filesystem": [],
            "folder_id": "b1gb0epcf6drcsqggbql",
            "fqdn": "gfs2.ru-central1.internal",
            "gpu_cluster_id": "",
            "hardware_generation": [
              {
                "generation2_features": [],
                "legacy_features": [
                  {
                    "pci_topology": "PCI_TOPOLOGY_V2"
                  }
                ]
              }
            ],
            "hostname": "gfs2",
            "id": "fhmgmrk6d68m7ciq37if",
            "labels": null,
            "local_disk": [],
            "maintenance_grace_period": "",
            "maintenance_policy": null,
            "metadata": {
              "ssh-keys": "ubuntu:ssh-ed25519 AAAAC3NzaC1lZDI1NTE5AAAAIJczHc7UwRchxtxlMufvsafniadHmFrrONMpGBDHjBzJ freemax@DESKTOP-U4UEHE6\r\n"
            },
            "metadata_options": [
              {
                "aws_v1_http_endpoint": 1,
                "aws_v1_http_token": 2,
                "gce_http_endpoint": 1,
                "gce_http_token": 1
              }
            ],
            "name": "gfs-node-2",
            "network_acceleration_type": "standard",
            "network_interface": [
              {
                "dns_record": [],
                "index": 0,
                "ip_address": "10.128.0.20",
                "ipv4": true,
                "ipv6": false,
                "ipv6_address": "",
                "ipv6_dns_record": [],
                "mac_address": "d0:0d:10:b6:e8:66",
                "nat": true,
                "nat_dns_record": [],
                "nat_ip_address": "178.154.241.34",
                "nat_ip_version": "IPV4",
                "security_group_ids": null,
                "subnet_id": "e9btakec5ujteje67ba3"
              }
            ],
            "placement_policy": [
              {
                "host_affinity_rules": [],
                "placement_group_id": "",
                "placement_group_partition": 0
              }
            ],
            "platform_id": "standard-v3",
            "resources": [
              {
                "core_fraction": 100,
                "cores": 2,
                "gpus": 0,
                "memory": 2
              }
            ],
            "scheduling_policy": [
              {
                "preemptible": false
              }
            ],
            "secondary_disk": [],
            "service_account_id": "",
            "status": "running",
            "timeouts": null,
            "zone": "ru-central1-a"
          },
          "sensitive_attributes": [],
          "identity_schema_version": 0,
          "private": "eyJlMmJmYjczMC1lY2FhLTExZTYtOGY4OC0zNDM2M2JjN2M0YzAiOnsiY3JlYXRlIjozMDAwMDAwMDAwMDAsImRlbGV0ZSI6MzAwMDAwMDAwMDAwLCJ1cGRhdGUiOjMwMDAwMDAwMDAwMH0sInNjaGVtYV92ZXJzaW9uIjoiMSJ9",
          "dependencies": [
            "module.vpc-3.data.yandex_compute_image.my_image",
            "module.vpc-3.data.yandex_vpc_subnet.default",
            "module.vpc-3.yandex_compute_disk.boot-disk"
          ]
        }
      ]
    },
    {
      "module": "module.vpc-4",
      "mode": "data",
      "type": "yandex_compute_image",
      "name": "my_image",
      "provider": "provider[\"registry.terraform.io/yandex-cloud/yandex\"]",
      "instances": [
        {
          "schema_version": 0,
          "attributes": {
            "created_at": "2026-04-06T11:29:04Z",
            "description": "Ubuntu 22.04 lts v20260327030211",
            "family": "ubuntu-2204-lts",
            "folder_id": "standard-images",
            "hardware_generation": [
              {
                "generation2_features": [],
                "legacy_features": [
                  {
                    "pci_topology": "PCI_TOPOLOGY_V2"
                  }
                ]
              }
            ],
            "id": "fd8r71tg4mg5b3uiholm",
            "image_id": "fd8r71tg4mg5b3uiholm",
            "kms_key_id": null,
            "labels": {
              "version": "20260327030211",
              "x-hopper-operation-id": "d9pv04evkqmrdfoj5i8r",
              "x-hopper-source-image-id": "fd8prshpc67sbrv11q09"
            },
            "min_disk_size": 8,
            "name": "ubuntu-22-04-lts-v20260406",
            "os_type": "linux",
            "pooled": true,
            "product_ids": [
              "f2evvqut2ac8ang2mdb5"
            ],
            "size": 3,
            "status": "ready"
          },
          "sensitive_attributes": [],
          "identity_schema_version": 0
        }
      ]
    },
    {
      "module": "module.vpc-4",
      "mode": "data",
      "type": "yandex_vpc_subnet",
      "name": "default",
      "provider": "provider[\"registry.terraform.io/yandex-cloud/yandex\"]",
      "instances": [
        {
          "schema_version": 0,
          "attributes": {
            "created_at": "2025-11-06T20:55:09Z",
            "description": "Auto-created default subnet for zone ru-central1-a in default",
            "dhcp_options": [],
            "folder_id": "b1gb0epcf6drcsqggbql",
            "id": "e9btakec5ujteje67ba3",
            "labels": {},
            "name": "default-ru-central1-a",
            "network_id": "enpb3crnqhjcr00mpugm",
            "route_table_id": "",
            "subnet_id": "e9btakec5ujteje67ba3",
            "v4_cidr_blocks": [
              "10.128.0.0/24"
            ],
            "v6_cidr_blocks": [],
            "zone": "ru-central1-a"
          },
          "sensitive_attributes": [],
          "identity_schema_version": 0
        }
      ]
    },
    {
      "module": "module.vpc-4",
      "mode": "managed",
      "type": "yandex_compute_disk",
      "name": "boot-disk",
      "provider": "provider[\"registry.terraform.io/yandex-cloud/yandex\"]",
      "instances": [
        {
          "schema_version": 0,
          "attributes": {
            "allow_recreate": null,
            "block_size": 4096,
            "created_at": "2026-04-06T18:19:59Z",
            "description": "",
            "disk_placement_policy": [
              {
                "disk_placement_group_id": ""
              }
            ],
            "folder_id": "b1gb0epcf6drcsqggbql",
            "hardware_generation": [
              {
                "generation2_features": [],
                "legacy_features": [
                  {
                    "pci_topology": "PCI_TOPOLOGY_V2"
                  }
                ]
              }
            ],
            "id": "fhmba7vg72ijueoj1n47",
            "image_id": "fd8r71tg4mg5b3uiholm",
            "kms_key_id": null,
            "labels": null,
            "name": "vm-3-disk",
            "product_ids": [
              "f2evvqut2ac8ang2mdb5"
            ],
            "size": 25,
            "snapshot_id": "",
            "status": "ready",
            "timeouts": null,
            "type": "network-hdd",
            "zone": "ru-central1-a"
          },
          "sensitive_attributes": [],
          "identity_schema_version": 0,
          "private": "eyJlMmJmYjczMC1lY2FhLTExZTYtOGY4OC0zNDM2M2JjN2M0YzAiOnsiY3JlYXRlIjozMDAwMDAwMDAwMDAsImRlbGV0ZSI6MzAwMDAwMDAwMDAwLCJ1cGRhdGUiOjMwMDAwMDAwMDAwMH19",
          "dependencies": [
            "module.vpc-4.data.yandex_compute_image.my_image"
          ]
        }
      ]
    },
    {
      "module": "module.vpc-4",
      "mode": "managed",
      "type": "yandex_compute_instance",
      "name": "vm",
      "provider": "provider[\"registry.terraform.io/yandex-cloud/yandex\"]",
      "instances": [
        {
          "schema_version": 1,
          "attributes": {
            "allow_recreate": null,
            "allow_stopping_for_update": true,
            "boot_disk": [
              {
                "auto_delete": true,
                "device_name": "fhmba7vg72ijueoj1n47",
                "disk_id": "fhmba7vg72ijueoj1n47",
                "initialize_params": [
                  {
                    "block_size": 4096,
                    "description": "",
                    "image_id": "fd8r71tg4mg5b3uiholm",
                    "kms_key_id": "",
                    "name": "vm-3-disk",
                    "size": 25,
                    "snapshot_id": "",
                    "type": "network-hdd"
                  }
                ],
                "mode": "READ_WRITE"
              }
            ],
            "created_at": "2026-04-06T18:20:13Z",
            "description": "",
            "filesystem": [],
            "folder_id": "b1gb0epcf6drcsqggbql",
            "fqdn": "gfs3.ru-central1.internal",
            "gpu_cluster_id": "",
            "hardware_generation": [
              {
                "generation2_features": [],
                "legacy_features": [
                  {
                    "pci_topology": "PCI_TOPOLOGY_V2"
                  }
                ]
              }
            ],
            "hostname": "gfs3",
            "id": "fhmhcsgguraprtio2bbu",
            "labels": null,
            "local_disk": [],
            "maintenance_grace_period": "",
            "maintenance_policy": null,
            "metadata": {
              "ssh-keys": "ubuntu:ssh-ed25519 AAAAC3NzaC1lZDI1NTE5AAAAIJczHc7UwRchxtxlMufvsafniadHmFrrONMpGBDHjBzJ freemax@DESKTOP-U4UEHE6\r\n"
            },
            "metadata_options": [
              {
                "aws_v1_http_endpoint": 1,
                "aws_v1_http_token": 2,
                "gce_http_endpoint": 1,
                "gce_http_token": 1
              }
            ],
            "name": "gfs-node-3",
            "network_acceleration_type": "standard",
            "network_interface": [
              {
                "dns_record": [],
                "index": 0,
                "ip_address": "10.128.0.30",
                "ipv4": true,
                "ipv6": false,
                "ipv6_address": "",
                "ipv6_dns_record": [],
                "mac_address": "d0:0d:11:67:21:0f",
                "nat": true,
                "nat_dns_record": [],
                "nat_ip_address": "178.154.230.108",
                "nat_ip_version": "IPV4",
                "security_group_ids": null,
                "subnet_id": "e9btakec5ujteje67ba3"
              }
            ],
            "placement_policy": [
              {
                "host_affinity_rules": [],
                "placement_group_id": "",
                "placement_group_partition": 0
              }
            ],
            "platform_id": "standard-v3",
            "resources": [
              {
                "core_fraction": 100,
                "cores": 2,
                "gpus": 0,
                "memory": 2
              }
            ],
            "scheduling_policy": [
              {
                "preemptible": false
              }
            ],
            "secondary_disk": [],
            "service_account_id": "",
            "status": "running",
            "timeouts": null,
            "zone": "ru-central1-a"
          },
          "sensitive_attributes": [],
          "identity_schema_version": 0,
          "private": "eyJlMmJmYjczMC1lY2FhLTExZTYtOGY4OC0zNDM2M2JjN2M0YzAiOnsiY3JlYXRlIjozMDAwMDAwMDAwMDAsImRlbGV0ZSI6MzAwMDAwMDAwMDAwLCJ1cGRhdGUiOjMwMDAwMDAwMDAwMH0sInNjaGVtYV92ZXJzaW9uIjoiMSJ9",
          "dependencies": [
            "module.vpc-4.data.yandex_compute_image.my_image",
            "module.vpc-4.data.yandex_vpc_subnet.default",
            "module.vpc-4.yandex_compute_disk.boot-disk"
          ]
        }
      ]
    }
  ],
  "check_results": null
}
